
Microsoft Visual Studio Solution File, Format Version 12.00
# Visual Studio Version 16
VisualStudioVersion = 16.0.30611.23
MinimumVisualStudioVersion = 10.0.40219.1
Project("{FAE04EC0-301F-11D3-BF4B-00C04F79EFBC}") = "RuleParse", "RuleParse\RuleParse.csproj", "{A56761C9-B8FC-4DA8-87A2-F2A746C23094}"
EndProject
Global
	GlobalSection(SolutionConfigurationPlatforms) = preSolution
		Debug|Any CPU = Debug|Any CPU
		Release|Any CPU = Release|Any CPU
	EndGlobalSection
	GlobalSection(ProjectConfigurationPlatforms) = postSolution
		{A56761C9-B8FC-4DA8-87A2-F2A746C23094}.Debug|Any CPU.ActiveCfg = Debug|Any CPU
		{A56761C9-B8FC-4DA8-87A2-F2A746C23094}.Debug|Any CPU.Build.0 = Debug|Any CPU
		{A56761C9-B8FC-4DA8-87A2-F2A746C23094}.Release|Any CPU.ActiveCfg = Release|Any CPU
		{A56761C9-B8FC-4DA8-87A2-F2A746C23094}.Release|Any CPU.Build.0 = Release|Any CPU
	EndGlobalSection
	GlobalSection(SolutionProperties) = preSolution
		HideSolutionNode = FALSE
	EndGlobalSection
	GlobalSection(ExtensibilityGlobals) = postSolution
		SolutionGuid = {34BED33A-8CEF-4541-B6A5-235CD010FDE0}
	EndGlobalSection
EndGlobal
